
Microsoft Visual Studio Solution File, Format Version 12.00
# Visual Studio Version 16
VisualStudioVersion = 16.0.30907.101
MinimumVisualStudioVersion = 10.0.40219.1
Project("{FAE04EC0-301F-11D3-BF4B-00C04F79EFBC}") = "TextSeeker", "TextSeeker\TextSeeker.csproj", "{5249FCEA-684E-4D60-A9DC-6498D31FAFAB}"
EndProject
Project("{2150E333-8FDC-42A3-9474-1A3956D46DE8}") = "Solution Items", "Solution Items", "{3992A77E-9D4E-47DA-B06D-1DAD30BCEDF4}"
	ProjectSection(SolutionItems) = preProject
		BackendDevTask.pdf = BackendDevTask.pdf
	EndProjectSection
EndProject
Global
	GlobalSection(SolutionConfigurationPlatforms) = preSolution
		Debug|Any CPU = Debug|Any CPU
		Release|Any CPU = Release|Any CPU
	EndGlobalSection
	GlobalSection(ProjectConfigurationPlatforms) = postSolution
		{5249FCEA-684E-4D60-A9DC-6498D31FAFAB}.Debug|Any CPU.ActiveCfg = Debug|Any CPU
		{5249FCEA-684E-4D60-A9DC-6498D31FAFAB}.Debug|Any CPU.Build.0 = Debug|Any CPU
		{5249FCEA-684E-4D60-A9DC-6498D31FAFAB}.Release|Any CPU.ActiveCfg = Release|Any CPU
		{5249FCEA-684E-4D60-A9DC-6498D31FAFAB}.Release|Any CPU.Build.0 = Release|Any CPU
	EndGlobalSection
	GlobalSection(SolutionProperties) = preSolution
		HideSolutionNode = FALSE
	EndGlobalSection
	GlobalSection(ExtensibilityGlobals) = postSolution
		SolutionGuid = {8FD990BD-032C-4724-A0EF-051950718616}
	EndGlobalSection
EndGlobal
